
Microsoft Visual Studio Solution File, Format Version 12.00
# Visual Studio Version 16
VisualStudioVersion = 16.0.30621.155
MinimumVisualStudioVersion = 10.0.40219.1
Project("{9A19103F-16F7-4668-BE54-9A1E7A4F7556}") = "OMEGA", "OMEGA\OMEGA.csproj", "{B3324292-8E87-4E34-B924-340BCF712B91}"
EndProject
Project("{9A19103F-16F7-4668-BE54-9A1E7A4F7556}") = "DEMO", "DEMO\DEMO.csproj", "{FFB50A45-A9C7-4CA8-901A-184BB3D4F685}"
EndProject
Project("{9A19103F-16F7-4668-BE54-9A1E7A4F7556}") = "OMEGACLI", "OMEGACLI\OMEGACLI.csproj", "{8E16BF43-81DA-487C-B88E-D3E385F1547F}"
EndProject
Global
	GlobalSection(SolutionConfigurationPlatforms) = preSolution
		Debug|Any CPU = Debug|Any CPU
		Release|Any CPU = Release|Any CPU
	EndGlobalSection
	GlobalSection(ProjectConfigurationPlatforms) = postSolution
		{B3324292-8E87-4E34-B924-340BCF712B91}.Debug|Any CPU.ActiveCfg = Debug|Any CPU
		{B3324292-8E87-4E34-B924-340BCF712B91}.Debug|Any CPU.Build.0 = Debug|Any CPU
		{B3324292-8E87-4E34-B924-340BCF712B91}.Release|Any CPU.ActiveCfg = Release|Any CPU
		{B3324292-8E87-4E34-B924-340BCF712B91}.Release|Any CPU.Build.0 = Release|Any CPU
		{FFB50A45-A9C7-4CA8-901A-184BB3D4F685}.Debug|Any CPU.ActiveCfg = Debug|Any CPU
		{FFB50A45-A9C7-4CA8-901A-184BB3D4F685}.Debug|Any CPU.Build.0 = Debug|Any CPU
		{FFB50A45-A9C7-4CA8-901A-184BB3D4F685}.Release|Any CPU.ActiveCfg = Release|Any CPU
		{FFB50A45-A9C7-4CA8-901A-184BB3D4F685}.Release|Any CPU.Build.0 = Release|Any CPU
		{8E16BF43-81DA-487C-B88E-D3E385F1547F}.Debug|Any CPU.ActiveCfg = Debug|Any CPU
		{8E16BF43-81DA-487C-B88E-D3E385F1547F}.Debug|Any CPU.Build.0 = Debug|Any CPU
		{8E16BF43-81DA-487C-B88E-D3E385F1547F}.Release|Any CPU.ActiveCfg = Release|Any CPU
		{8E16BF43-81DA-487C-B88E-D3E385F1547F}.Release|Any CPU.Build.0 = Release|Any CPU
	EndGlobalSection
	GlobalSection(SolutionProperties) = preSolution
		HideSolutionNode = FALSE
	EndGlobalSection
	GlobalSection(ExtensibilityGlobals) = postSolution
		SolutionGuid = {DA79183F-AF3D-41E8-8CC0-D0CE932B257F}
	EndGlobalSection
EndGlobal
